
Microsoft Visual Studio Solution File, Format Version 12.00
# Visual Studio Version 17
VisualStudioVersion = 17.1.32319.34
MinimumVisualStudioVersion = 10.0.40219.1
Project("{FAE04EC0-301F-11D3-BF4B-00C04F79EFBC}") = "WebAPI_trasua", "WebAPI_trasua\WebAPI_trasua.csproj", "{BB5869FB-936D-4452-8060-D19657091C66}"
EndProject
Global
	GlobalSection(SolutionConfigurationPlatforms) = preSolution
		Debug|Any CPU = Debug|Any CPU
		Release|Any CPU = Release|Any CPU
	EndGlobalSection
	GlobalSection(ProjectConfigurationPlatforms) = postSolution
		{BB5869FB-936D-4452-8060-D19657091C66}.Debug|Any CPU.ActiveCfg = Debug|Any CPU
		{BB5869FB-936D-4452-8060-D19657091C66}.Debug|Any CPU.Build.0 = Debug|Any CPU
		{BB5869FB-936D-4452-8060-D19657091C66}.Release|Any CPU.ActiveCfg = Release|Any CPU
		{BB5869FB-936D-4452-8060-D19657091C66}.Release|Any CPU.Build.0 = Release|Any CPU
	EndGlobalSection
	GlobalSection(SolutionProperties) = preSolution
		HideSolutionNode = FALSE
	EndGlobalSection
	GlobalSection(ExtensibilityGlobals) = postSolution
		SolutionGuid = {02CD1266-B03E-4BF3-BDB4-0BAE59CDFA15}
	EndGlobalSection
EndGlobal
